
Microsoft Visual Studio Solution File, Format Version 12.00
# Visual Studio 2013
VisualStudioVersion = 12.0.30723.0
MinimumVisualStudioVersion = 10.0.40219.1
Project("{9092AA53-FB77-4645-B42D-1CCCA6BD08BD}") = "NodejsWebApp", "NodejsWebApp.njsproj", "{1FBC8A45-5EA5-4491-9828-C6FFE8CA1BAF}"
EndProject
Global
	GlobalSection(SolutionConfigurationPlatforms) = preSolution
		Debug|Any CPU = Debug|Any CPU
		Release|Any CPU = Release|Any CPU
	EndGlobalSection
	GlobalSection(ProjectConfigurationPlatforms) = postSolution
		{1FBC8A45-5EA5-4491-9828-C6FFE8CA1BAF}.Debug|Any CPU.ActiveCfg = Debug|Any CPU
		{1FBC8A45-5EA5-4491-9828-C6FFE8CA1BAF}.Debug|Any CPU.Build.0 = Debug|Any CPU
		{1FBC8A45-5EA5-4491-9828-C6FFE8CA1BAF}.Release|Any CPU.ActiveCfg = Release|Any CPU
		{1FBC8A45-5EA5-4491-9828-C6FFE8CA1BAF}.Release|Any CPU.Build.0 = Release|Any CPU
	EndGlobalSection
	GlobalSection(SolutionProperties) = preSolution
		HideSolutionNode = FALSE
	EndGlobalSection
EndGlobal
